
Microsoft Visual Studio Solution File, Format Version 12.00
# Visual Studio Version 17
VisualStudioVersion = 17.3.32901.215
MinimumVisualStudioVersion = 10.0.40219.1
Project("{FAE04EC0-301F-11D3-BF4B-00C04F79EFBC}") = "managers_diary", "managers_diary.csproj", "{5BBFAB44-677C-4A54-8272-F40FC9FB2794}"
EndProject
Global
	GlobalSection(SolutionConfigurationPlatforms) = preSolution
		Debug|Any CPU = Debug|Any CPU
		Release|Any CPU = Release|Any CPU
	EndGlobalSection
	GlobalSection(ProjectConfigurationPlatforms) = postSolution
		{5BBFAB44-677C-4A54-8272-F40FC9FB2794}.Debug|Any CPU.ActiveCfg = Debug|Any CPU
		{5BBFAB44-677C-4A54-8272-F40FC9FB2794}.Debug|Any CPU.Build.0 = Debug|Any CPU
		{5BBFAB44-677C-4A54-8272-F40FC9FB2794}.Release|Any CPU.ActiveCfg = Release|Any CPU
		{5BBFAB44-677C-4A54-8272-F40FC9FB2794}.Release|Any CPU.Build.0 = Release|Any CPU
	EndGlobalSection
	GlobalSection(SolutionProperties) = preSolution
		HideSolutionNode = FALSE
	EndGlobalSection
	GlobalSection(ExtensibilityGlobals) = postSolution
		SolutionGuid = {1540F2F7-CFB0-4A02-A189-8B9F753850CD}
	EndGlobalSection
EndGlobal
